// !$*UTF8*$!
{
	archiveVersion = 1;
	classes = {
	};
	objectVersion = 46;
	objects = {

/* Begin PBXBuildFile section */
		919683C0191AA4FA00871080 /* Foundation.framework in Frameworks */ = {isa = PBXBuildFile; fileRef = 919683BF191AA4FA00871080 /* Foundation.framework */; };
		919683C2191AA4FA00871080 /* CoreGraphics.framework in Frameworks */ = {isa = PBXBuildFile; fileRef = 919683C1191AA4FA00871080 /* CoreGraphics.framework */; };
		919683C4191AA4FA00871080 /* UIKit.framework in Frameworks */ = {isa = PBXBuildFile; fileRef = 919683C3191AA4FA00871080 /* UIKit.framework */; };
		919683CA191AA4FA00871080 /* InfoPlist.strings in Resources */ = {isa = PBXBuildFile; fileRef = 919683C8191AA4FA00871080 /* InfoPlist.strings */; };
		919683CC191AA4FA00871080 /* main.m in Sources */ = {isa = PBXBuildFile; fileRef = 919683CB191AA4FA00871080 /* main.m */; };
		919683D0191AA4FA00871080 /* TTAAppDelegate.m in Sources */ = {isa = PBXBuildFile; fileRef = 919683CF191AA4FA00871080 /* TTAAppDelegate.m */; };
		919683D2191AA4FA00871080 /* Images.xcassets in Resources */ = {isa = PBXBuildFile; fileRef = 919683D1191AA4FA00871080 /* Images.xcassets */; };
		919683D9191AA4FA00871080 /* XCTest.framework in Frameworks */ = {isa = PBXBuildFile; fileRef = 919683D8191AA4FA00871080 /* XCTest.framework */; };
		919683DA191AA4FA00871080 /* Foundation.framework in Frameworks */ = {isa = PBXBuildFile; fileRef = 919683BF191AA4FA00871080 /* Foundation.framework */; };
		919683DB191AA4FA00871080 /* UIKit.framework in Frameworks */ = {isa = PBXBuildFile; fileRef = 919683C3191AA4FA00871080 /* UIKit.framework */; };
		919683E3191AA4FA00871080 /* InfoPlist.strings in Resources */ = {isa = PBXBuildFile; fileRef = 919683E1191AA4FA00871080 /* InfoPlist.strings */; };
		919683E5191AA4FA00871080 /* TennisAppTests.m in Sources */ = {isa = PBXBuildFile; fileRef = 919683E4191AA4FA00871080 /* TennisAppTests.m */; };
		919683F0191AA51800871080 /* TTAFirstViewController.m in Sources */ = {isa = PBXBuildFile; fileRef = 919683EF191AA51800871080 /* TTAFirstViewController.m */; };
		919683F3191AA52800871080 /* TTASecondViewController.m in Sources */ = {isa = PBXBuildFile; fileRef = 919683F2191AA52800871080 /* TTASecondViewController.m */; };
		919683F6191AA55300871080 /* TTAThirdViewController.m in Sources */ = {isa = PBXBuildFile; fileRef = 919683F5191AA55300871080 /* TTAThirdViewController.m */; };
		919683F9191AA58B00871080 /* TTAData.m in Sources */ = {isa = PBXBuildFile; fileRef = 919683F8191AA58B00871080 /* TTAData.m */; };
/* End PBXBuildFile section */

/* Begin PBXContainerItemProxy section */
		919683DC191AA4FA00871080 /* PBXContainerItemProxy */ = {
			isa = PBXContainerItemProxy;
			containerPortal = 919683B4191AA4FA00871080 /* Project object */;
			proxyType = 1;
			remoteGlobalIDString = 919683BB191AA4FA00871080;
			remoteInfo = TennisApp;
		};
/* End PBXContainerItemProxy section */

/* Begin PBXFileReference section */
		919683BC191AA4FA00871080 /* TennisApp.app */ = {isa = PBXFileReference; explicitFileType = wrapper.application; includeInIndex = 0; path = TennisApp.app; sourceTree = BUILT_PRODUCTS_DIR; };
		919683BF191AA4FA00871080 /* Foundation.framework */ = {isa = PBXFileReference; lastKnownFileType = wrapper.framework; name = Foundation.framework; path = System/Library/Frameworks/Foundation.framework; sourceTree = SDKROOT; };
		919683C1191AA4FA00871080 /* CoreGraphics.framework */ = {isa = PBXFileReference; lastKnownFileType = wrapper.framework; name = CoreGraphics.framework; path = System/Library/Frameworks/CoreGraphics.framework; sourceTree = SDKROOT; };
		919683C3191AA4FA00871080 /* UIKit.framework */ = {isa = PBXFileReference; lastKnownFileType = wrapper.framework; name = UIKit.framework; path = System/Library/Frameworks/UIKit.framework; sourceTree = SDKROOT; };
		919683C7191AA4FA00871080 /* TennisApp-Info.plist */ = {isa = PBXFileReference; lastKnownFileType = text.plist.xml; path = "TennisApp-Info.plist"; sourceTree = "<group>"; };
		919683C9191AA4FA00871080 /* en */ = {isa = PBXFileReference; lastKnownFileType = text.plist.strings; name = en; path = en.lproj/InfoPlist.strings; sourceTree = "<group>"; };
		919683CB191AA4FA00871080 /* main.m */ = {isa = PBXFileReference; lastKnownFileType = sourcecode.c.objc; path = main.m; sourceTree = "<group>"; };
		919683CD191AA4FA00871080 /* TennisApp-Prefix.pch */ = {isa = PBXFileReference; lastKnownFileType = sourcecode.c.h; path = "TennisApp-Prefix.pch"; sourceTree = "<group>"; };
		919683CE191AA4FA00871080 /* TTAAppDelegate.h */ = {isa = PBXFileReference; lastKnownFileType = sourcecode.c.h; path = TTAAppDelegate.h; sourceTree = "<group>"; };
		919683CF191AA4FA00871080 /* TTAAppDelegate.m */ = {isa = PBXFileReference; lastKnownFileType = sourcecode.c.objc; path = TTAAppDelegate.m; sourceTree = "<group>"; };
		919683D1191AA4FA00871080 /* Images.xcassets */ = {isa = PBXFileReference; lastKnownFileType = folder.assetcatalog; path = Images.xcassets; sourceTree = "<group>"; };
		919683D7191AA4FA00871080 /* TennisAppTests.xctest */ = {isa = PBXFileReference; explicitFileType = wrapper.cfbundle; includeInIndex = 0; path = TennisAppTests.xctest; sourceTree = BUILT_PRODUCTS_DIR; };
		919683D8191AA4FA00871080 /* XCTest.framework */ = {isa = PBXFileReference; lastKnownFileType = wrapper.framework; name = XCTest.framework; path = Library/Frameworks/XCTest.framework; sourceTree = DEVELOPER_DIR; };
		919683E0191AA4FA00871080 /* TennisAppTests-Info.plist */ = {isa = PBXFileReference; lastKnownFileType = text.plist.xml; path = "TennisAppTests-Info.plist"; sourceTree = "<group>"; };
		919683E2191AA4FA00871080 /* en */ = {isa = PBXFileReference; lastKnownFileType = text.plist.strings; name = en; path = en.lproj/InfoPlist.strings; sourceTree = "<group>"; };
		919683E4191AA4FA00871080 /* TennisAppTests.m */ = {isa = PBXFileReference; lastKnownFileType = sourcecode.c.objc; path = TennisAppTests.m; sourceTree = "<group>"; };
		919683EE191AA51800871080 /* TTAFirstViewController.h */ = {isa = PBXFileReference; fileEncoding = 4; lastKnownFileType = sourcecode.c.h; path = TTAFirstViewController.h; sourceTree = "<group>"; };
		919683EF191AA51800871080 /* TTAFirstViewController.m */ = {isa = PBXFileReference; fileEncoding = 4; lastKnownFileType = sourcecode.c.objc; path = TTAFirstViewController.m; sourceTree = "<group>"; };
		919683F1191AA52800871080 /* TTASecondViewController.h */ = {isa = PBXFileReference; fileEncoding = 4; lastKnownFileType = sourcecode.c.h; path = TTASecondViewController.h; sourceTree = "<group>"; };
		919683F2191AA52800871080 /* TTASecondViewController.m */ = {isa = PBXFileReference; fileEncoding = 4; lastKnownFileType = sourcecode.c.objc; path = TTASecondViewController.m; sourceTree = "<group>"; };
		919683F4191AA55300871080 /* TTAThirdViewController.h */ = {isa = PBXFileReference; fileEncoding = 4; lastKnownFileType = sourcecode.c.h; path = TTAThirdViewController.h; sourceTree = "<group>"; };
		919683F5191AA55300871080 /* TTAThirdViewController.m */ = {isa = PBXFileReference; fileEncoding = 4; lastKnownFileType = sourcecode.c.objc; path = TTAThirdViewController.m; sourceTree = "<group>"; };
		919683F7191AA58B00871080 /* TTAData.h */ = {isa = PBXFileReference; fileEncoding = 4; lastKnownFileType = sourcecode.c.h; path = TTAData.h; sourceTree = SOURCE_ROOT; };
		919683F8191AA58B00871080 /* TTAData.m */ = {isa = PBXFileReference; fileEncoding = 4; lastKnownFileType = sourcecode.c.objc; path = TTAData.m; sourceTree = SOURCE_ROOT; };
/* End PBXFileReference section */

/* Begin PBXFrameworksBuildPhase section */
		919683B9191AA4FA00871080 /* Frameworks */ = {
			isa = PBXFrameworksBuildPhase;
			buildActionMask = 2147483647;
			files = (
				919683C2191AA4FA00871080 /* CoreGraphics.framework in Frameworks */,
				919683C4191AA4FA00871080 /* UIKit.framework in Frameworks */,
				919683C0191AA4FA00871080 /* Foundation.framework in Frameworks */,
			);
			runOnlyForDeploymentPostprocessing = 0;
		};
		919683D4191AA4FA00871080 /* Frameworks */ = {
			isa = PBXFrameworksBuildPhase;
			buildActionMask = 2147483647;
			files = (
				919683D9191AA4FA00871080 /* XCTest.framework in Frameworks */,
				919683DB191AA4FA00871080 /* UIKit.framework in Frameworks */,
				919683DA191AA4FA00871080 /* Foundation.framework in Frameworks */,
			);
			runOnlyForDeploymentPostprocessing = 0;
		};
/* End PBXFrameworksBuildPhase section */

/* Begin PBXGroup section */
		919683B3191AA4FA00871080 = {
			isa = PBXGroup;
			children = (
				919683EE191AA51800871080 /* TTAFirstViewController.h */,
				919683EF191AA51800871080 /* TTAFirstViewController.m */,
				919683F1191AA52800871080 /* TTASecondViewController.h */,
				919683F2191AA52800871080 /* TTASecondViewController.m */,
				919683F4191AA55300871080 /* TTAThirdViewController.h */,
				919683F5191AA55300871080 /* TTAThirdViewController.m */,
				919683C5191AA4FA00871080 /* TennisApp */,
				919683DE191AA4FA00871080 /* TennisAppTests */,
				919683BE191AA4FA00871080 /* Frameworks */,
				919683BD191AA4FA00871080 /* Products */,
			);
			sourceTree = "<group>";
		};
		919683BD191AA4FA00871080 /* Products */ = {
			isa = PBXGroup;
			children = (
				919683BC191AA4FA00871080 /* TennisApp.app */,
				919683D7191AA4FA00871080 /* TennisAppTests.xctest */,
			);
			name = Products;
			sourceTree = "<group>";
		};
		919683BE191AA4FA00871080 /* Frameworks */ = {
			isa = PBXGroup;
			children = (
				919683BF191AA4FA00871080 /* Foundation.framework */,
				919683C1191AA4FA00871080 /* CoreGraphics.framework */,
				919683C3191AA4FA00871080 /* UIKit.framework */,
				919683D8191AA4FA00871080 /* XCTest.framework */,
			);
			name = Frameworks;
			sourceTree = "<group>";
		};
		919683C5191AA4FA00871080 /* TennisApp */ = {
			isa = PBXGroup;
			children = (
				919683CE191AA4FA00871080 /* TTAAppDelegate.h */,
				919683CF191AA4FA00871080 /* TTAAppDelegate.m */,
				919683F7191AA58B00871080 /* TTAData.h */,
				919683F8191AA58B00871080 /* TTAData.m */,
				919683D1191AA4FA00871080 /* Images.xcassets */,
				919683C6191AA4FA00871080 /* Supporting Files */,
			);
			path = TennisApp;
			sourceTree = "<group>";
		};
		919683C6191AA4FA00871080 /* Supporting Files */ = {
			isa = PBXGroup;
			children = (
				919683C7191AA4FA00871080 /* TennisApp-Info.plist */,
				919683C8191AA4FA00871080 /* InfoPlist.strings */,
				919683CB191AA4FA00871080 /* main.m */,
				919683CD191AA4FA00871080 /* TennisApp-Prefix.pch */,
			);
			name = "Supporting Files";
			sourceTree = "<group>";
		};
		919683DE191AA4FA00871080 /* TennisAppTests */ = {
			isa = PBXGroup;
			children = (
				919683E4191AA4FA00871080 /* TennisAppTests.m */,
				919683DF191AA4FA00871080 /* Supporting Files */,
			);
			path = TennisAppTests;
			sourceTree = "<group>";
		};
		919683DF191AA4FA00871080 /* Supporting Files */ = {
			isa = PBXGroup;
			children = (
				919683E0191AA4FA00871080 /* TennisAppTests-Info.plist */,
				919683E1191AA4FA00871080 /* InfoPlist.strings */,
			);
			name = "Supporting Files";
			sourceTree = "<group>";
		};
/* End PBXGroup section */

/* Begin PBXNativeTarget section */
		919683BB191AA4FA00871080 /* TennisApp */ = {
			isa = PBXNativeTarget;
			buildConfigurationList = 919683E8191AA4FA00871080 /* Build configuration list for PBXNativeTarget "TennisApp" */;
			buildPhases = (
				919683B8191AA4FA00871080 /* Sources */,
				919683B9191AA4FA00871080 /* Frameworks */,
				919683BA191AA4FA00871080 /* Resources */,
			);
			buildRules = (
			);
			dependencies = (
			);
			name = TennisApp;
			productName = TennisApp;
			productReference = 919683BC191AA4FA00871080 /* TennisApp.app */;
			productType = "com.apple.product-type.application";
		};
		919683D6191AA4FA00871080 /* TennisAppTests */ = {
			isa = PBXNativeTarget;
			buildConfigurationList = 919683EB191AA4FA00871080 /* Build configuration list for PBXNativeTarget "TennisAppTests" */;
			buildPhases = (
				919683D3191AA4FA00871080 /* Sources */,
				919683D4191AA4FA00871080 /* Frameworks */,
				919683D5191AA4FA00871080 /* Resources */,
			);
			buildRules = (
			);
			dependencies = (
				919683DD191AA4FA00871080 /* PBXTargetDependency */,
			);
			name = TennisAppTests;
			productName = TennisAppTests;
			productReference = 919683D7191AA4FA00871080 /* TennisAppTests.xctest */;
			productType = "com.apple.product-type.bundle.unit-test";
		};
/* End PBXNativeTarget section */

/* Begin PBXProject section */
		919683B4191AA4FA00871080 /* Project object */ = {
			isa = PBXProject;
			attributes = {
				CLASSPREFIX = TTA;
				LastUpgradeCheck = 0510;
				ORGANIZATIONNAME = Savitha;
				TargetAttributes = {
					919683D6191AA4FA00871080 = {
						TestTargetID = 919683BB191AA4FA00871080;
					};
				};
			};
			buildConfigurationList = 919683B7191AA4FA00871080 /* Build configuration list for PBXProject "TennisApp" */;
			compatibilityVersion = "Xcode 3.2";
			developmentRegion = English;
			hasScannedForEncodings = 0;
			knownRegions = (
				en,
			);
			mainGroup = 919683B3191AA4FA00871080;
			productRefGroup = 919683BD191AA4FA00871080 /* Products */;
			projectDirPath = "";
			projectRoot = "";
			targets = (
				919683BB191AA4FA00871080 /* TennisApp */,
				919683D6191AA4FA00871080 /* TennisAppTests */,
			);
		};
/* End PBXProject section */

/* Begin PBXResourcesBuildPhase section */
		919683BA191AA4FA00871080 /* Resources */ = {
			isa = PBXResourcesBuildPhase;
			buildActionMask = 2147483647;
			files = (
				919683CA191AA4FA00871080 /* InfoPlist.strings in Resources */,
				919683D2191AA4FA00871080 /* Images.xcassets in Resources */,
			);
			runOnlyForDeploymentPostprocessing = 0;
		};
		919683D5191AA4FA00871080 /* Resources */ = {
			isa = PBXResourcesBuildPhase;
			buildActionMask = 2147483647;
			files = (
				919683E3191AA4FA00871080 /* InfoPlist.strings in Resources */,
			);
			runOnlyForDeploymentPostprocessing = 0;
		};
/* End PBXResourcesBuildPhase section */

/* Begin PBXSourcesBuildPhase section */
		919683B8191AA4FA00871080 /* Sources */ = {
			isa = PBXSourcesBuildPhase;
			buildActionMask = 2147483647;
			files = (
				919683F3191AA52800871080 /* TTASecondViewController.m in Sources */,
				919683F9191AA58B00871080 /* TTAData.m in Sources */,
				919683D0191AA4FA00871080 /* TTAAppDelegate.m in Sources */,
				919683F6191AA55300871080 /* TTAThirdViewController.m in Sources */,
				919683CC191AA4FA00871080 /* main.m in Sources */,
				919683F0191AA51800871080 /* TTAFirstViewController.m in Sources */,
			);
			runOnlyForDeploymentPostprocessing = 0;
		};
		919683D3191AA4FA00871080 /* Sources */ = {
			isa = PBXSourcesBuildPhase;
			buildActionMask = 2147483647;
			files = (
				919683E5191AA4FA00871080 /* TennisAppTests.m in Sources */,
			);
			runOnlyForDeploymentPostprocessing = 0;
		};
/* End PBXSourcesBuildPhase section */

/* Begin PBXTargetDependency section */
		919683DD191AA4FA00871080 /* PBXTargetDependency */ = {
			isa = PBXTargetDependency;
			target = 919683BB191AA4FA00871080 /* TennisApp */;
			targetProxy = 919683DC191AA4FA00871080 /* PBXContainerItemProxy */;
		};
/* End PBXTargetDependency section */

/* Begin PBXVariantGroup section */
		919683C8191AA4FA00871080 /* InfoPlist.strings */ = {
			isa = PBXVariantGroup;
			children = (
				919683C9191AA4FA00871080 /* en */,
			);
			name = InfoPlist.strings;
			sourceTree = "<group>";
		};
		919683E1191AA4FA00871080 /* InfoPlist.strings */ = {
			isa = PBXVariantGroup;
			children = (
				919683E2191AA4FA00871080 /* en */,
			);
			name = InfoPlist.strings;
			sourceTree = "<group>";
		};
/* End PBXVariantGroup section */

/* Begin XCBuildConfiguration section */
		919683E6191AA4FA00871080 /* Debug */ = {
			isa = XCBuildConfiguration;
			buildSettings = {
				ALWAYS_SEARCH_USER_PATHS = NO;
				CLANG_CXX_LANGUAGE_STANDARD = "gnu++0x";
				CLANG_CXX_LIBRARY = "libc++";
				CLANG_ENABLE_MODULES = YES;
				CLANG_ENABLE_OBJC_ARC = YES;
				CLANG_WARN_BOOL_CONVERSION = YES;
				CLANG_WARN_CONSTANT_CONVERSION = YES;
				CLANG_WARN_DIRECT_OBJC_ISA_USAGE = YES_ERROR;
				CLANG_WARN_EMPTY_BODY = YES;
				CLANG_WARN_ENUM_CONVERSION = YES;
				CLANG_WARN_INT_CONVERSION = YES;
				CLANG_WARN_OBJC_ROOT_CLASS = YES_ERROR;
				CLANG_WARN__DUPLICATE_METHOD_MATCH = YES;
				"CODE_SIGN_IDENTITY[sdk=iphoneos*]" = "iPhone Developer";
				COPY_PHASE_STRIP = NO;
				GCC_C_LANGUAGE_STANDARD = gnu99;
				GCC_DYNAMIC_NO_PIC = NO;
				GCC_OPTIMIZATION_LEVEL = 0;
				GCC_PREPROCESSOR_DEFINITIONS = (
					"DEBUG=1",
					"$(inherited)",
				);
				GCC_SYMBOLS_PRIVATE_EXTERN = NO;
				GCC_WARN_64_TO_32_BIT_CONVERSION = YES;
				GCC_WARN_ABOUT_RETURN_TYPE = YES_ERROR;
				GCC_WARN_UNDECLARED_SELECTOR = YES;
				GCC_WARN_UNINITIALIZED_AUTOS = YES_AGGRESSIVE;
				GCC_WARN_UNUSED_FUNCTION = YES;
				GCC_WARN_UNUSED_VARIABLE = YES;
				IPHONEOS_DEPLOYMENT_TARGET = 7.1;
				ONLY_ACTIVE_ARCH = YES;
				SDKROOT = iphoneos;
			};
			name = Debug;
		};
		919683E7191AA4FA00871080 /* Release */ = {
			isa = XCBuildConfiguration;
			buildSettings = {
				ALWAYS_SEARCH_USER_PATHS = NO;
				CLANG_CXX_LANGUAGE_STANDARD = "gnu++0x";
				CLANG_CXX_LIBRARY = "libc++";
				CLANG_ENABLE_MODULES = YES;
				CLANG_ENABLE_OBJC_ARC = YES;
				CLANG_WARN_BOOL_CONVERSION = YES;
				CLANG_WARN_CONSTANT_CONVERSION = YES;
				CLANG_WARN_DIRECT_OBJC_ISA_USAGE = YES_ERROR;
				CLANG_WARN_EMPTY_BODY = YES;
				CLANG_WARN_ENUM_CONVERSION = YES;
				CLANG_WARN_INT_CONVERSION = YES;
				CLANG_WARN_OBJC_ROOT_CLASS = YES_ERROR;
				CLANG_WARN__DUPLICATE_METHOD_MATCH = YES;
				"CODE_SIGN_IDENTITY[sdk=iphoneos*]" = "iPhone Developer";
				COPY_PHASE_STRIP = YES;
				ENABLE_NS_ASSERTIONS = NO;
				GCC_C_LANGUAGE_STANDARD = gnu99;
				GCC_WARN_64_TO_32_BIT_CONVERSION = YES;
				GCC_WARN_ABOUT_RETURN_TYPE = YES_ERROR;
				GCC_WARN_UNDECLARED_SELECTOR = YES;
				GCC_WARN_UNINITIALIZED_AUTOS = YES_AGGRESSIVE;
				GCC_WARN_UNUSED_FUNCTION = YES;
				GCC_WARN_UNUSED_VARIABLE = YES;
				IPHONEOS_DEPLOYMENT_TARGET = 7.1;
				SDKROOT = iphoneos;
				VALIDATE_PRODUCT = YES;
			};
			name = Release;
		};
		919683E9191AA4FA00871080 /* Debug */ = {
			isa = XCBuildConfiguration;
			buildSettings = {
				ASSETCATALOG_COMPILER_APPICON_NAME = AppIcon;
				ASSETCATALOG_COMPILER_LAUNCHIMAGE_NAME = LaunchImage;
				GCC_PRECOMPILE_PREFIX_HEADER = YES;
				GCC_PREFIX_HEADER = "TennisApp/TennisApp-Prefix.pch";
				INFOPLIST_FILE = "TennisApp/TennisApp-Info.plist";
				PRODUCT_NAME = "$(TARGET_NAME)";
				WRAPPER_EXTENSION = app;
			};
			name = Debug;
		};
		919683EA191AA4FA00871080 /* Release */ = {
			isa = XCBuildConfiguration;
			buildSettings = {
				ASSETCATALOG_COMPILER_APPICON_NAME = AppIcon;
				ASSETCATALOG_COMPILER_LAUNCHIMAGE_NAME = LaunchImage;
				GCC_PRECOMPILE_PREFIX_HEADER = YES;
				GCC_PREFIX_HEADER = "TennisApp/TennisApp-Prefix.pch";
				INFOPLIST_FILE = "TennisApp/TennisApp-Info.plist";
				PRODUCT_NAME = "$(TARGET_NAME)";
				WRAPPER_EXTENSION = app;
			};
			name = Release;
		};
		919683EC191AA4FA00871080 /* Debug */ = {
			isa = XCBuildConfiguration;
			buildSettings = {
				BUNDLE_LOADER = "$(BUILT_PRODUCTS_DIR)/TennisApp.app/TennisApp";
				FRAMEWORK_SEARCH_PATHS = (
					"$(SDKROOT)/Developer/Library/Frameworks",
					"$(inherited)",
					"$(DEVELOPER_FRAMEWORKS_DIR)",
				);
				GCC_PRECOMPILE_PREFIX_HEADER = YES;
				GCC_PREFIX_HEADER = "TennisApp/TennisApp-Prefix.pch";
				GCC_PREPROCESSOR_DEFINITIONS = (
					"DEBUG=1",
					"$(inherited)",
				);
				INFOPLIST_FILE = "TennisAppTests/TennisAppTests-Info.plist";
				PRODUCT_NAME = "$(TARGET_NAME)";
				TEST_HOST = "$(BUNDLE_LOADER)";
				WRAPPER_EXTENSION = xctest;
			};
			name = Debug;
		};
		919683ED191AA4FA00871080 /* Release */ = {
			isa = XCBuildConfiguration;
			buildSettings = {
				BUNDLE_LOADER = "$(BUILT_PRODUCTS_DIR)/TennisApp.app/TennisApp";
				FRAMEWORK_SEARCH_PATHS = (
					"$(SDKROOT)/Developer/Library/Frameworks",
					"$(inherited)",
					"$(DEVELOPER_FRAMEWORKS_DIR)",
				);
				GCC_PRECOMPILE_PREFIX_HEADER = YES;
				GCC_PREFIX_HEADER = "TennisApp/TennisApp-Prefix.pch";
				INFOPLIST_FILE = "TennisAppTests/TennisAppTests-Info.plist";
				PRODUCT_NAME = "$(TARGET_NAME)";
				TEST_HOST = "$(BUNDLE_LOADER)";
				WRAPPER_EXTENSION = xctest;
			};
			name = Release;
		};
/* End XCBuildConfiguration section */

/* Begin XCConfigurationList section */
		919683B7191AA4FA00871080 /* Build configuration list for PBXProject "TennisApp" */ = {
			isa = XCConfigurationList;
			buildConfigurations = (
				919683E6191AA4FA00871080 /* Debug */,
				919683E7191AA4FA00871080 /* Release */,
			);
			defaultConfigurationIsVisible = 0;
			defaultConfigurationName = Release;
		};
		919683E8191AA4FA00871080 /* Build configuration list for PBXNativeTarget "TennisApp" */ = {
			isa = XCConfigurationList;
			buildConfigurations = (
				919683E9191AA4FA00871080 /* Debug */,
				919683EA191AA4FA00871080 /* Release */,
			);
			defaultConfigurationIsVisible = 0;
		};
		919683EB191AA4FA00871080 /* Build configuration list for PBXNativeTarget "TennisAppTests" */ = {
			isa = XCConfigurationList;
			buildConfigurations = (
				919683EC191AA4FA00871080 /* Debug */,
				919683ED191AA4FA00871080 /* Release */,
			);
			defaultConfigurationIsVisible = 0;
		};
/* End XCConfigurationList section */
	};
	rootObject = 919683B4191AA4FA00871080 /* Project object */;
}
