// !$*UTF8*$!
{
	archiveVersion = 1;
	classes = {
	};
	objectVersion = 46;
	objects = {

/* Begin PBXBuildFile section */
		9131C63618EDA798007FD0E0 /* TDLTableViewCell.m in Sources */ = {isa = PBXBuildFile; fileRef = 9131C63518EDA798007FD0E0 /* TDLTableViewCell.m */; };
		9166D9F218EEE79800CC304F /* TDLNewUser.m in Sources */ = {isa = PBXBuildFile; fileRef = 9166D9F118EEE79800CC304F /* TDLNewUser.m */; };
		91A6AB6218EC4AEA00EDD50D /* Foundation.framework in Frameworks */ = {isa = PBXBuildFile; fileRef = 91A6AB6118EC4AEA00EDD50D /* Foundation.framework */; };
		91A6AB6418EC4AEA00EDD50D /* CoreGraphics.framework in Frameworks */ = {isa = PBXBuildFile; fileRef = 91A6AB6318EC4AEA00EDD50D /* CoreGraphics.framework */; };
		91A6AB6618EC4AEA00EDD50D /* UIKit.framework in Frameworks */ = {isa = PBXBuildFile; fileRef = 91A6AB6518EC4AEA00EDD50D /* UIKit.framework */; };
		91A6AB6C18EC4AEA00EDD50D /* InfoPlist.strings in Resources */ = {isa = PBXBuildFile; fileRef = 91A6AB6A18EC4AEA00EDD50D /* InfoPlist.strings */; };
		91A6AB6E18EC4AEA00EDD50D /* main.m in Sources */ = {isa = PBXBuildFile; fileRef = 91A6AB6D18EC4AEA00EDD50D /* main.m */; };
		91A6AB7218EC4AEA00EDD50D /* TDLAppDelegate.m in Sources */ = {isa = PBXBuildFile; fileRef = 91A6AB7118EC4AEA00EDD50D /* TDLAppDelegate.m */; };
		91A6AB7418EC4AEA00EDD50D /* Images.xcassets in Resources */ = {isa = PBXBuildFile; fileRef = 91A6AB7318EC4AEA00EDD50D /* Images.xcassets */; };
		91A6AB7B18EC4AEA00EDD50D /* XCTest.framework in Frameworks */ = {isa = PBXBuildFile; fileRef = 91A6AB7A18EC4AEA00EDD50D /* XCTest.framework */; };
		91A6AB7C18EC4AEA00EDD50D /* Foundation.framework in Frameworks */ = {isa = PBXBuildFile; fileRef = 91A6AB6118EC4AEA00EDD50D /* Foundation.framework */; };
		91A6AB7D18EC4AEA00EDD50D /* UIKit.framework in Frameworks */ = {isa = PBXBuildFile; fileRef = 91A6AB6518EC4AEA00EDD50D /* UIKit.framework */; };
		91A6AB8518EC4AEA00EDD50D /* InfoPlist.strings in Resources */ = {isa = PBXBuildFile; fileRef = 91A6AB8318EC4AEA00EDD50D /* InfoPlist.strings */; };
		91A6AB8718EC4AEA00EDD50D /* ToDoTests.m in Sources */ = {isa = PBXBuildFile; fileRef = 91A6AB8618EC4AEA00EDD50D /* ToDoTests.m */; };
		91A6AB9218EC4C7900EDD50D /* TDLTableViewController.m in Sources */ = {isa = PBXBuildFile; fileRef = 91A6AB9118EC4C7900EDD50D /* TDLTableViewController.m */; };
		91D7C1FE18EC8BD5006C9E53 /* ED.jpeg in Resources */ = {isa = PBXBuildFile; fileRef = 91D7C1EF18EC8BD5006C9E53 /* ED.jpeg */; };
		91D7C1FF18EC8BD5006C9E53 /* Jon.png in Resources */ = {isa = PBXBuildFile; fileRef = 91D7C1F018EC8BD5006C9E53 /* Jon.png */; };
		91D7C20018EC8BD5006C9E53 /* Jisha.png in Resources */ = {isa = PBXBuildFile; fileRef = 91D7C1F118EC8BD5006C9E53 /* Jisha.png */; };
		91D7C20118EC8BD5006C9E53 /* Austen.png in Resources */ = {isa = PBXBuildFile; fileRef = 91D7C1F218EC8BD5006C9E53 /* Austen.png */; };
		91D7C20218EC8BD5006C9E53 /* Heidi.png in Resources */ = {isa = PBXBuildFile; fileRef = 91D7C1F318EC8BD5006C9E53 /* Heidi.png */; };
		91D7C20318EC8BD5006C9E53 /* Teddy.png in Resources */ = {isa = PBXBuildFile; fileRef = 91D7C1F418EC8BD5006C9E53 /* Teddy.png */; };
		91D7C20418EC8BD5006C9E53 /* Austin.jpeg in Resources */ = {isa = PBXBuildFile; fileRef = 91D7C1F518EC8BD5006C9E53 /* Austin.jpeg */; };
		91D7C20518EC8BD5006C9E53 /* TJ.png in Resources */ = {isa = PBXBuildFile; fileRef = 91D7C1F618EC8BD5006C9E53 /* TJ.png */; };
		91D7C20618EC8BD5006C9E53 /* Derek.png in Resources */ = {isa = PBXBuildFile; fileRef = 91D7C1F718EC8BD5006C9E53 /* Derek.png */; };
		91D7C20718EC8BD5006C9E53 /* JeffKing.png in Resources */ = {isa = PBXBuildFile; fileRef = 91D7C1F818EC8BD5006C9E53 /* JeffKing.png */; };
		91D7C20818EC8BD5006C9E53 /* John.png in Resources */ = {isa = PBXBuildFile; fileRef = 91D7C1F918EC8BD5006C9E53 /* John.png */; };
		91D7C20918EC8BD5006C9E53 /* Savitha.png in Resources */ = {isa = PBXBuildFile; fileRef = 91D7C1FA18EC8BD5006C9E53 /* Savitha.png */; };
		91D7C20A18EC8BD5006C9E53 /* Ashby.png in Resources */ = {isa = PBXBuildFile; fileRef = 91D7C1FB18EC8BD5006C9E53 /* Ashby.png */; };
		91D7C20B18EC8BD5006C9E53 /* Jeffery.png in Resources */ = {isa = PBXBuildFile; fileRef = 91D7C1FC18EC8BD5006C9E53 /* Jeffery.png */; };
		91D7C20C18EC8BD5006C9E53 /* Ali.png in Resources */ = {isa = PBXBuildFile; fileRef = 91D7C1FD18EC8BD5006C9E53 /* Ali.png */; };
		91D7C20F18ECA088006C9E53 /* TDLExpand.m in Sources */ = {isa = PBXBuildFile; fileRef = 91D7C20E18ECA088006C9E53 /* TDLExpand.m */; };
/* End PBXBuildFile section */

/* Begin PBXContainerItemProxy section */
		91A6AB7E18EC4AEA00EDD50D /* PBXContainerItemProxy */ = {
			isa = PBXContainerItemProxy;
			containerPortal = 91A6AB5618EC4AEA00EDD50D /* Project object */;
			proxyType = 1;
			remoteGlobalIDString = 91A6AB5D18EC4AEA00EDD50D;
			remoteInfo = ToDo;
		};
/* End PBXContainerItemProxy section */

/* Begin PBXFileReference section */
		9131C63418EDA798007FD0E0 /* TDLTableViewCell.h */ = {isa = PBXFileReference; fileEncoding = 4; lastKnownFileType = sourcecode.c.h; name = TDLTableViewCell.h; path = ToDo/TDLTableViewCell.h; sourceTree = "<group>"; };
		9131C63518EDA798007FD0E0 /* TDLTableViewCell.m */ = {isa = PBXFileReference; fileEncoding = 4; lastKnownFileType = sourcecode.c.objc; name = TDLTableViewCell.m; path = ToDo/TDLTableViewCell.m; sourceTree = "<group>"; };
		9166D9F018EEE79800CC304F /* TDLNewUser.h */ = {isa = PBXFileReference; fileEncoding = 4; lastKnownFileType = sourcecode.c.h; path = TDLNewUser.h; sourceTree = "<group>"; };
		9166D9F118EEE79800CC304F /* TDLNewUser.m */ = {isa = PBXFileReference; fileEncoding = 4; lastKnownFileType = sourcecode.c.objc; path = TDLNewUser.m; sourceTree = "<group>"; };
		91A6AB5E18EC4AEA00EDD50D /* ToDo.app */ = {isa = PBXFileReference; explicitFileType = wrapper.application; includeInIndex = 0; path = ToDo.app; sourceTree = BUILT_PRODUCTS_DIR; };
		91A6AB6118EC4AEA00EDD50D /* Foundation.framework */ = {isa = PBXFileReference; lastKnownFileType = wrapper.framework; name = Foundation.framework; path = System/Library/Frameworks/Foundation.framework; sourceTree = SDKROOT; };
		91A6AB6318EC4AEA00EDD50D /* CoreGraphics.framework */ = {isa = PBXFileReference; lastKnownFileType = wrapper.framework; name = CoreGraphics.framework; path = System/Library/Frameworks/CoreGraphics.framework; sourceTree = SDKROOT; };
		91A6AB6518EC4AEA00EDD50D /* UIKit.framework */ = {isa = PBXFileReference; lastKnownFileType = wrapper.framework; name = UIKit.framework; path = System/Library/Frameworks/UIKit.framework; sourceTree = SDKROOT; };
		91A6AB6918EC4AEA00EDD50D /* ToDo-Info.plist */ = {isa = PBXFileReference; lastKnownFileType = text.plist.xml; path = "ToDo-Info.plist"; sourceTree = "<group>"; };
		91A6AB6B18EC4AEA00EDD50D /* en */ = {isa = PBXFileReference; lastKnownFileType = text.plist.strings; name = en; path = en.lproj/InfoPlist.strings; sourceTree = "<group>"; };
		91A6AB6D18EC4AEA00EDD50D /* main.m */ = {isa = PBXFileReference; lastKnownFileType = sourcecode.c.objc; path = main.m; sourceTree = "<group>"; };
		91A6AB6F18EC4AEA00EDD50D /* ToDo-Prefix.pch */ = {isa = PBXFileReference; lastKnownFileType = sourcecode.c.h; path = "ToDo-Prefix.pch"; sourceTree = "<group>"; };
		91A6AB7018EC4AEA00EDD50D /* TDLAppDelegate.h */ = {isa = PBXFileReference; lastKnownFileType = sourcecode.c.h; path = TDLAppDelegate.h; sourceTree = "<group>"; };
		91A6AB7118EC4AEA00EDD50D /* TDLAppDelegate.m */ = {isa = PBXFileReference; lastKnownFileType = sourcecode.c.objc; path = TDLAppDelegate.m; sourceTree = "<group>"; };
		91A6AB7318EC4AEA00EDD50D /* Images.xcassets */ = {isa = PBXFileReference; lastKnownFileType = folder.assetcatalog; path = Images.xcassets; sourceTree = "<group>"; };
		91A6AB7918EC4AEA00EDD50D /* ToDoTests.xctest */ = {isa = PBXFileReference; explicitFileType = wrapper.cfbundle; includeInIndex = 0; path = ToDoTests.xctest; sourceTree = BUILT_PRODUCTS_DIR; };
		91A6AB7A18EC4AEA00EDD50D /* XCTest.framework */ = {isa = PBXFileReference; lastKnownFileType = wrapper.framework; name = XCTest.framework; path = Library/Frameworks/XCTest.framework; sourceTree = DEVELOPER_DIR; };
		91A6AB8218EC4AEA00EDD50D /* ToDoTests-Info.plist */ = {isa = PBXFileReference; lastKnownFileType = text.plist.xml; path = "ToDoTests-Info.plist"; sourceTree = "<group>"; };
		91A6AB8418EC4AEA00EDD50D /* en */ = {isa = PBXFileReference; lastKnownFileType = text.plist.strings; name = en; path = en.lproj/InfoPlist.strings; sourceTree = "<group>"; };
		91A6AB8618EC4AEA00EDD50D /* ToDoTests.m */ = {isa = PBXFileReference; lastKnownFileType = sourcecode.c.objc; path = ToDoTests.m; sourceTree = "<group>"; };
		91A6AB9018EC4C7900EDD50D /* TDLTableViewController.h */ = {isa = PBXFileReference; fileEncoding = 4; lastKnownFileType = sourcecode.c.h; name = TDLTableViewController.h; path = ToDo/TDLTableViewController.h; sourceTree = "<group>"; };
		91A6AB9118EC4C7900EDD50D /* TDLTableViewController.m */ = {isa = PBXFileReference; fileEncoding = 4; lastKnownFileType = sourcecode.c.objc; name = TDLTableViewController.m; path = ToDo/TDLTableViewController.m; sourceTree = "<group>"; };
		91D7C1EF18EC8BD5006C9E53 /* ED.jpeg */ = {isa = PBXFileReference; lastKnownFileType = image.jpeg; path = ED.jpeg; sourceTree = "<group>"; };
		91D7C1F018EC8BD5006C9E53 /* Jon.png */ = {isa = PBXFileReference; lastKnownFileType = image.png; path = Jon.png; sourceTree = "<group>"; };
		91D7C1F118EC8BD5006C9E53 /* Jisha.png */ = {isa = PBXFileReference; lastKnownFileType = image.png; path = Jisha.png; sourceTree = "<group>"; };
		91D7C1F218EC8BD5006C9E53 /* Austen.png */ = {isa = PBXFileReference; lastKnownFileType = image.png; path = Austen.png; sourceTree = "<group>"; };
		91D7C1F318EC8BD5006C9E53 /* Heidi.png */ = {isa = PBXFileReference; lastKnownFileType = image.png; path = Heidi.png; sourceTree = "<group>"; };
		91D7C1F418EC8BD5006C9E53 /* Teddy.png */ = {isa = PBXFileReference; lastKnownFileType = image.png; path = Teddy.png; sourceTree = "<group>"; };
		91D7C1F518EC8BD5006C9E53 /* Austin.jpeg */ = {isa = PBXFileReference; lastKnownFileType = image.jpeg; path = Austin.jpeg; sourceTree = "<group>"; };
		91D7C1F618EC8BD5006C9E53 /* TJ.png */ = {isa = PBXFileReference; lastKnownFileType = image.png; path = TJ.png; sourceTree = "<group>"; };
		91D7C1F718EC8BD5006C9E53 /* Derek.png */ = {isa = PBXFileReference; lastKnownFileType = image.png; path = Derek.png; sourceTree = "<group>"; };
		91D7C1F818EC8BD5006C9E53 /* JeffKing.png */ = {isa = PBXFileReference; lastKnownFileType = image.png; path = JeffKing.png; sourceTree = "<group>"; };
		91D7C1F918EC8BD5006C9E53 /* John.png */ = {isa = PBXFileReference; lastKnownFileType = image.png; path = John.png; sourceTree = "<group>"; };
		91D7C1FA18EC8BD5006C9E53 /* Savitha.png */ = {isa = PBXFileReference; lastKnownFileType = image.png; path = Savitha.png; sourceTree = "<group>"; };
		91D7C1FB18EC8BD5006C9E53 /* Ashby.png */ = {isa = PBXFileReference; lastKnownFileType = image.png; path = Ashby.png; sourceTree = "<group>"; };
		91D7C1FC18EC8BD5006C9E53 /* Jeffery.png */ = {isa = PBXFileReference; lastKnownFileType = image.png; path = Jeffery.png; sourceTree = "<group>"; };
		91D7C1FD18EC8BD5006C9E53 /* Ali.png */ = {isa = PBXFileReference; lastKnownFileType = image.png; path = Ali.png; sourceTree = "<group>"; };
		91D7C20D18ECA088006C9E53 /* TDLExpand.h */ = {isa = PBXFileReference; fileEncoding = 4; lastKnownFileType = sourcecode.c.h; path = TDLExpand.h; sourceTree = "<group>"; };
		91D7C20E18ECA088006C9E53 /* TDLExpand.m */ = {isa = PBXFileReference; fileEncoding = 4; lastKnownFileType = sourcecode.c.objc; path = TDLExpand.m; sourceTree = "<group>"; };
/* End PBXFileReference section */

/* Begin PBXFrameworksBuildPhase section */
		91A6AB5B18EC4AEA00EDD50D /* Frameworks */ = {
			isa = PBXFrameworksBuildPhase;
			buildActionMask = 2147483647;
			files = (
				91A6AB6418EC4AEA00EDD50D /* CoreGraphics.framework in Frameworks */,
				91A6AB6618EC4AEA00EDD50D /* UIKit.framework in Frameworks */,
				91A6AB6218EC4AEA00EDD50D /* Foundation.framework in Frameworks */,
			);
			runOnlyForDeploymentPostprocessing = 0;
		};
		91A6AB7618EC4AEA00EDD50D /* Frameworks */ = {
			isa = PBXFrameworksBuildPhase;
			buildActionMask = 2147483647;
			files = (
				91A6AB7B18EC4AEA00EDD50D /* XCTest.framework in Frameworks */,
				91A6AB7D18EC4AEA00EDD50D /* UIKit.framework in Frameworks */,
				91A6AB7C18EC4AEA00EDD50D /* Foundation.framework in Frameworks */,
			);
			runOnlyForDeploymentPostprocessing = 0;
		};
/* End PBXFrameworksBuildPhase section */

/* Begin PBXGroup section */
		9131C63918EDA853007FD0E0 /* tableview */ = {
			isa = PBXGroup;
			children = (
				9131C63418EDA798007FD0E0 /* TDLTableViewCell.h */,
				9131C63518EDA798007FD0E0 /* TDLTableViewCell.m */,
			);
			name = tableview;
			sourceTree = "<group>";
		};
		9131C63A18EDA862007FD0E0 /* controllers */ = {
			isa = PBXGroup;
			children = (
				91A6AB9018EC4C7900EDD50D /* TDLTableViewController.h */,
				91A6AB9118EC4C7900EDD50D /* TDLTableViewController.m */,
			);
			name = controllers;
			sourceTree = "<group>";
		};
		91A6AB5518EC4AEA00EDD50D = {
			isa = PBXGroup;
			children = (
				9166D9F018EEE79800CC304F /* TDLNewUser.h */,
				9166D9F118EEE79800CC304F /* TDLNewUser.m */,
				9131C63A18EDA862007FD0E0 /* controllers */,
				9131C63918EDA853007FD0E0 /* tableview */,
				91A6AB6718EC4AEA00EDD50D /* ToDo */,
				91A6AB8018EC4AEA00EDD50D /* ToDoTests */,
				91A6AB6018EC4AEA00EDD50D /* Frameworks */,
				91A6AB5F18EC4AEA00EDD50D /* Products */,
			);
			sourceTree = "<group>";
		};
		91A6AB5F18EC4AEA00EDD50D /* Products */ = {
			isa = PBXGroup;
			children = (
				91A6AB5E18EC4AEA00EDD50D /* ToDo.app */,
				91A6AB7918EC4AEA00EDD50D /* ToDoTests.xctest */,
			);
			name = Products;
			sourceTree = "<group>";
		};
		91A6AB6018EC4AEA00EDD50D /* Frameworks */ = {
			isa = PBXGroup;
			children = (
				91A6AB6118EC4AEA00EDD50D /* Foundation.framework */,
				91A6AB6318EC4AEA00EDD50D /* CoreGraphics.framework */,
				91A6AB6518EC4AEA00EDD50D /* UIKit.framework */,
				91A6AB7A18EC4AEA00EDD50D /* XCTest.framework */,
			);
			name = Frameworks;
			sourceTree = "<group>";
		};
		91A6AB6718EC4AEA00EDD50D /* ToDo */ = {
			isa = PBXGroup;
			children = (
				91D7C1EE18EC8B51006C9E53 /* Images */,
				91A6AB7018EC4AEA00EDD50D /* TDLAppDelegate.h */,
				91A6AB7118EC4AEA00EDD50D /* TDLAppDelegate.m */,
				91D7C20D18ECA088006C9E53 /* TDLExpand.h */,
				91D7C20E18ECA088006C9E53 /* TDLExpand.m */,
				91A6AB7318EC4AEA00EDD50D /* Images.xcassets */,
				91A6AB6818EC4AEA00EDD50D /* Supporting Files */,
			);
			path = ToDo;
			sourceTree = "<group>";
		};
		91A6AB6818EC4AEA00EDD50D /* Supporting Files */ = {
			isa = PBXGroup;
			children = (
				91A6AB6918EC4AEA00EDD50D /* ToDo-Info.plist */,
				91A6AB6A18EC4AEA00EDD50D /* InfoPlist.strings */,
				91A6AB6D18EC4AEA00EDD50D /* main.m */,
				91A6AB6F18EC4AEA00EDD50D /* ToDo-Prefix.pch */,
			);
			name = "Supporting Files";
			sourceTree = "<group>";
		};
		91A6AB8018EC4AEA00EDD50D /* ToDoTests */ = {
			isa = PBXGroup;
			children = (
				91A6AB8618EC4AEA00EDD50D /* ToDoTests.m */,
				91A6AB8118EC4AEA00EDD50D /* Supporting Files */,
			);
			path = ToDoTests;
			sourceTree = "<group>";
		};
		91A6AB8118EC4AEA00EDD50D /* Supporting Files */ = {
			isa = PBXGroup;
			children = (
				91A6AB8218EC4AEA00EDD50D /* ToDoTests-Info.plist */,
				91A6AB8318EC4AEA00EDD50D /* InfoPlist.strings */,
			);
			name = "Supporting Files";
			sourceTree = "<group>";
		};
		91D7C1EE18EC8B51006C9E53 /* Images */ = {
			isa = PBXGroup;
			children = (
				91D7C1EF18EC8BD5006C9E53 /* ED.jpeg */,
				91D7C1F018EC8BD5006C9E53 /* Jon.png */,
				91D7C1F118EC8BD5006C9E53 /* Jisha.png */,
				91D7C1F218EC8BD5006C9E53 /* Austen.png */,
				91D7C1F318EC8BD5006C9E53 /* Heidi.png */,
				91D7C1F418EC8BD5006C9E53 /* Teddy.png */,
				91D7C1F518EC8BD5006C9E53 /* Austin.jpeg */,
				91D7C1F618EC8BD5006C9E53 /* TJ.png */,
				91D7C1F718EC8BD5006C9E53 /* Derek.png */,
				91D7C1F818EC8BD5006C9E53 /* JeffKing.png */,
				91D7C1F918EC8BD5006C9E53 /* John.png */,
				91D7C1FA18EC8BD5006C9E53 /* Savitha.png */,
				91D7C1FB18EC8BD5006C9E53 /* Ashby.png */,
				91D7C1FC18EC8BD5006C9E53 /* Jeffery.png */,
				91D7C1FD18EC8BD5006C9E53 /* Ali.png */,
			);
			name = Images;
			sourceTree = "<group>";
		};
/* End PBXGroup section */

/* Begin PBXNativeTarget section */
		91A6AB5D18EC4AEA00EDD50D /* ToDo */ = {
			isa = PBXNativeTarget;
			buildConfigurationList = 91A6AB8A18EC4AEA00EDD50D /* Build configuration list for PBXNativeTarget "ToDo" */;
			buildPhases = (
				91A6AB5A18EC4AEA00EDD50D /* Sources */,
				91A6AB5B18EC4AEA00EDD50D /* Frameworks */,
				91A6AB5C18EC4AEA00EDD50D /* Resources */,
			);
			buildRules = (
			);
			dependencies = (
			);
			name = ToDo;
			productName = ToDo;
			productReference = 91A6AB5E18EC4AEA00EDD50D /* ToDo.app */;
			productType = "com.apple.product-type.application";
		};
		91A6AB7818EC4AEA00EDD50D /* ToDoTests */ = {
			isa = PBXNativeTarget;
			buildConfigurationList = 91A6AB8D18EC4AEA00EDD50D /* Build configuration list for PBXNativeTarget "ToDoTests" */;
			buildPhases = (
				91A6AB7518EC4AEA00EDD50D /* Sources */,
				91A6AB7618EC4AEA00EDD50D /* Frameworks */,
				91A6AB7718EC4AEA00EDD50D /* Resources */,
			);
			buildRules = (
			);
			dependencies = (
				91A6AB7F18EC4AEA00EDD50D /* PBXTargetDependency */,
			);
			name = ToDoTests;
			productName = ToDoTests;
			productReference = 91A6AB7918EC4AEA00EDD50D /* ToDoTests.xctest */;
			productType = "com.apple.product-type.bundle.unit-test";
		};
/* End PBXNativeTarget section */

/* Begin PBXProject section */
		91A6AB5618EC4AEA00EDD50D /* Project object */ = {
			isa = PBXProject;
			attributes = {
				CLASSPREFIX = TDL;
				LastUpgradeCheck = 0510;
				ORGANIZATIONNAME = Savitha;
				TargetAttributes = {
					91A6AB7818EC4AEA00EDD50D = {
						TestTargetID = 91A6AB5D18EC4AEA00EDD50D;
					};
				};
			};
			buildConfigurationList = 91A6AB5918EC4AEA00EDD50D /* Build configuration list for PBXProject "ToDo" */;
			compatibilityVersion = "Xcode 3.2";
			developmentRegion = English;
			hasScannedForEncodings = 0;
			knownRegions = (
				en,
			);
			mainGroup = 91A6AB5518EC4AEA00EDD50D;
			productRefGroup = 91A6AB5F18EC4AEA00EDD50D /* Products */;
			projectDirPath = "";
			projectRoot = "";
			targets = (
				91A6AB5D18EC4AEA00EDD50D /* ToDo */,
				91A6AB7818EC4AEA00EDD50D /* ToDoTests */,
			);
		};
/* End PBXProject section */

/* Begin PBXResourcesBuildPhase section */
		91A6AB5C18EC4AEA00EDD50D /* Resources */ = {
			isa = PBXResourcesBuildPhase;
			buildActionMask = 2147483647;
			files = (
				91D7C20918EC8BD5006C9E53 /* Savitha.png in Resources */,
				91D7C1FE18EC8BD5006C9E53 /* ED.jpeg in Resources */,
				91D7C20018EC8BD5006C9E53 /* Jisha.png in Resources */,
				91D7C1FF18EC8BD5006C9E53 /* Jon.png in Resources */,
				91D7C20718EC8BD5006C9E53 /* JeffKing.png in Resources */,
				91D7C20118EC8BD5006C9E53 /* Austen.png in Resources */,
				91D7C20C18EC8BD5006C9E53 /* Ali.png in Resources */,
				91A6AB6C18EC4AEA00EDD50D /* InfoPlist.strings in Resources */,
				91D7C20518EC8BD5006C9E53 /* TJ.png in Resources */,
				91D7C20218EC8BD5006C9E53 /* Heidi.png in Resources */,
				91D7C20B18EC8BD5006C9E53 /* Jeffery.png in Resources */,
				91D7C20318EC8BD5006C9E53 /* Teddy.png in Resources */,
				91D7C20618EC8BD5006C9E53 /* Derek.png in Resources */,
				91D7C20A18EC8BD5006C9E53 /* Ashby.png in Resources */,
				91D7C20818EC8BD5006C9E53 /* John.png in Resources */,
				91D7C20418EC8BD5006C9E53 /* Austin.jpeg in Resources */,
				91A6AB7418EC4AEA00EDD50D /* Images.xcassets in Resources */,
			);
			runOnlyForDeploymentPostprocessing = 0;
		};
		91A6AB7718EC4AEA00EDD50D /* Resources */ = {
			isa = PBXResourcesBuildPhase;
			buildActionMask = 2147483647;
			files = (
				91A6AB8518EC4AEA00EDD50D /* InfoPlist.strings in Resources */,
			);
			runOnlyForDeploymentPostprocessing = 0;
		};
/* End PBXResourcesBuildPhase section */

/* Begin PBXSourcesBuildPhase section */
		91A6AB5A18EC4AEA00EDD50D /* Sources */ = {
			isa = PBXSourcesBuildPhase;
			buildActionMask = 2147483647;
			files = (
				91A6AB9218EC4C7900EDD50D /* TDLTableViewController.m in Sources */,
				91A6AB6E18EC4AEA00EDD50D /* main.m in Sources */,
				9166D9F218EEE79800CC304F /* TDLNewUser.m in Sources */,
				91D7C20F18ECA088006C9E53 /* TDLExpand.m in Sources */,
				9131C63618EDA798007FD0E0 /* TDLTableViewCell.m in Sources */,
				91A6AB7218EC4AEA00EDD50D /* TDLAppDelegate.m in Sources */,
			);
			runOnlyForDeploymentPostprocessing = 0;
		};
		91A6AB7518EC4AEA00EDD50D /* Sources */ = {
			isa = PBXSourcesBuildPhase;
			buildActionMask = 2147483647;
			files = (
				91A6AB8718EC4AEA00EDD50D /* ToDoTests.m in Sources */,
			);
			runOnlyForDeploymentPostprocessing = 0;
		};
/* End PBXSourcesBuildPhase section */

/* Begin PBXTargetDependency section */
		91A6AB7F18EC4AEA00EDD50D /* PBXTargetDependency */ = {
			isa = PBXTargetDependency;
			target = 91A6AB5D18EC4AEA00EDD50D /* ToDo */;
			targetProxy = 91A6AB7E18EC4AEA00EDD50D /* PBXContainerItemProxy */;
		};
/* End PBXTargetDependency section */

/* Begin PBXVariantGroup section */
		91A6AB6A18EC4AEA00EDD50D /* InfoPlist.strings */ = {
			isa = PBXVariantGroup;
			children = (
				91A6AB6B18EC4AEA00EDD50D /* en */,
			);
			name = InfoPlist.strings;
			sourceTree = "<group>";
		};
		91A6AB8318EC4AEA00EDD50D /* InfoPlist.strings */ = {
			isa = PBXVariantGroup;
			children = (
				91A6AB8418EC4AEA00EDD50D /* en */,
			);
			name = InfoPlist.strings;
			sourceTree = "<group>";
		};
/* End PBXVariantGroup section */

/* Begin XCBuildConfiguration section */
		91A6AB8818EC4AEA00EDD50D /* Debug */ = {
			isa = XCBuildConfiguration;
			buildSettings = {
				ALWAYS_SEARCH_USER_PATHS = NO;
				CLANG_CXX_LANGUAGE_STANDARD = "gnu++0x";
				CLANG_CXX_LIBRARY = "libc++";
				CLANG_ENABLE_MODULES = YES;
				CLANG_ENABLE_OBJC_ARC = YES;
				CLANG_WARN_BOOL_CONVERSION = YES;
				CLANG_WARN_CONSTANT_CONVERSION = YES;
				CLANG_WARN_DIRECT_OBJC_ISA_USAGE = YES_ERROR;
				CLANG_WARN_EMPTY_BODY = YES;
				CLANG_WARN_ENUM_CONVERSION = YES;
				CLANG_WARN_INT_CONVERSION = YES;
				CLANG_WARN_OBJC_ROOT_CLASS = YES_ERROR;
				CLANG_WARN__DUPLICATE_METHOD_MATCH = YES;
				"CODE_SIGN_IDENTITY[sdk=iphoneos*]" = "iPhone Developer";
				COPY_PHASE_STRIP = NO;
				GCC_C_LANGUAGE_STANDARD = gnu99;
				GCC_DYNAMIC_NO_PIC = NO;
				GCC_OPTIMIZATION_LEVEL = 0;
				GCC_PREPROCESSOR_DEFINITIONS = (
					"DEBUG=1",
					"$(inherited)",
				);
				GCC_SYMBOLS_PRIVATE_EXTERN = NO;
				GCC_WARN_64_TO_32_BIT_CONVERSION = YES;
				GCC_WARN_ABOUT_RETURN_TYPE = YES_ERROR;
				GCC_WARN_UNDECLARED_SELECTOR = YES;
				GCC_WARN_UNINITIALIZED_AUTOS = YES_AGGRESSIVE;
				GCC_WARN_UNUSED_FUNCTION = YES;
				GCC_WARN_UNUSED_VARIABLE = YES;
				IPHONEOS_DEPLOYMENT_TARGET = 7.1;
				ONLY_ACTIVE_ARCH = YES;
				SDKROOT = iphoneos;
			};
			name = Debug;
		};
		91A6AB8918EC4AEA00EDD50D /* Release */ = {
			isa = XCBuildConfiguration;
			buildSettings = {
				ALWAYS_SEARCH_USER_PATHS = NO;
				CLANG_CXX_LANGUAGE_STANDARD = "gnu++0x";
				CLANG_CXX_LIBRARY = "libc++";
				CLANG_ENABLE_MODULES = YES;
				CLANG_ENABLE_OBJC_ARC = YES;
				CLANG_WARN_BOOL_CONVERSION = YES;
				CLANG_WARN_CONSTANT_CONVERSION = YES;
				CLANG_WARN_DIRECT_OBJC_ISA_USAGE = YES_ERROR;
				CLANG_WARN_EMPTY_BODY = YES;
				CLANG_WARN_ENUM_CONVERSION = YES;
				CLANG_WARN_INT_CONVERSION = YES;
				CLANG_WARN_OBJC_ROOT_CLASS = YES_ERROR;
				CLANG_WARN__DUPLICATE_METHOD_MATCH = YES;
				"CODE_SIGN_IDENTITY[sdk=iphoneos*]" = "iPhone Developer";
				COPY_PHASE_STRIP = YES;
				ENABLE_NS_ASSERTIONS = NO;
				GCC_C_LANGUAGE_STANDARD = gnu99;
				GCC_WARN_64_TO_32_BIT_CONVERSION = YES;
				GCC_WARN_ABOUT_RETURN_TYPE = YES_ERROR;
				GCC_WARN_UNDECLARED_SELECTOR = YES;
				GCC_WARN_UNINITIALIZED_AUTOS = YES_AGGRESSIVE;
				GCC_WARN_UNUSED_FUNCTION = YES;
				GCC_WARN_UNUSED_VARIABLE = YES;
				IPHONEOS_DEPLOYMENT_TARGET = 7.1;
				SDKROOT = iphoneos;
				VALIDATE_PRODUCT = YES;
			};
			name = Release;
		};
		91A6AB8B18EC4AEA00EDD50D /* Debug */ = {
			isa = XCBuildConfiguration;
			buildSettings = {
				ASSETCATALOG_COMPILER_APPICON_NAME = AppIcon;
				ASSETCATALOG_COMPILER_LAUNCHIMAGE_NAME = LaunchImage;
				GCC_PRECOMPILE_PREFIX_HEADER = YES;
				GCC_PREFIX_HEADER = "ToDo/ToDo-Prefix.pch";
				INFOPLIST_FILE = "ToDo/ToDo-Info.plist";
				IPHONEOS_DEPLOYMENT_TARGET = 7.0;
				PRODUCT_NAME = "$(TARGET_NAME)";
				WRAPPER_EXTENSION = app;
			};
			name = Debug;
		};
		91A6AB8C18EC4AEA00EDD50D /* Release */ = {
			isa = XCBuildConfiguration;
			buildSettings = {
				ASSETCATALOG_COMPILER_APPICON_NAME = AppIcon;
				ASSETCATALOG_COMPILER_LAUNCHIMAGE_NAME = LaunchImage;
				GCC_PRECOMPILE_PREFIX_HEADER = YES;
				GCC_PREFIX_HEADER = "ToDo/ToDo-Prefix.pch";
				INFOPLIST_FILE = "ToDo/ToDo-Info.plist";
				IPHONEOS_DEPLOYMENT_TARGET = 7.0;
				PRODUCT_NAME = "$(TARGET_NAME)";
				WRAPPER_EXTENSION = app;
			};
			name = Release;
		};
		91A6AB8E18EC4AEA00EDD50D /* Debug */ = {
			isa = XCBuildConfiguration;
			buildSettings = {
				BUNDLE_LOADER = "$(BUILT_PRODUCTS_DIR)/ToDo.app/ToDo";
				FRAMEWORK_SEARCH_PATHS = (
					"$(SDKROOT)/Developer/Library/Frameworks",
					"$(inherited)",
					"$(DEVELOPER_FRAMEWORKS_DIR)",
				);
				GCC_PRECOMPILE_PREFIX_HEADER = YES;
				GCC_PREFIX_HEADER = "ToDo/ToDo-Prefix.pch";
				GCC_PREPROCESSOR_DEFINITIONS = (
					"DEBUG=1",
					"$(inherited)",
				);
				INFOPLIST_FILE = "ToDoTests/ToDoTests-Info.plist";
				PRODUCT_NAME = "$(TARGET_NAME)";
				TEST_HOST = "$(BUNDLE_LOADER)";
				WRAPPER_EXTENSION = xctest;
			};
			name = Debug;
		};
		91A6AB8F18EC4AEA00EDD50D /* Release */ = {
			isa = XCBuildConfiguration;
			buildSettings = {
				BUNDLE_LOADER = "$(BUILT_PRODUCTS_DIR)/ToDo.app/ToDo";
				FRAMEWORK_SEARCH_PATHS = (
					"$(SDKROOT)/Developer/Library/Frameworks",
					"$(inherited)",
					"$(DEVELOPER_FRAMEWORKS_DIR)",
				);
				GCC_PRECOMPILE_PREFIX_HEADER = YES;
				GCC_PREFIX_HEADER = "ToDo/ToDo-Prefix.pch";
				INFOPLIST_FILE = "ToDoTests/ToDoTests-Info.plist";
				PRODUCT_NAME = "$(TARGET_NAME)";
				TEST_HOST = "$(BUNDLE_LOADER)";
				WRAPPER_EXTENSION = xctest;
			};
			name = Release;
		};
/* End XCBuildConfiguration section */

/* Begin XCConfigurationList section */
		91A6AB5918EC4AEA00EDD50D /* Build configuration list for PBXProject "ToDo" */ = {
			isa = XCConfigurationList;
			buildConfigurations = (
				91A6AB8818EC4AEA00EDD50D /* Debug */,
				91A6AB8918EC4AEA00EDD50D /* Release */,
			);
			defaultConfigurationIsVisible = 0;
			defaultConfigurationName = Release;
		};
		91A6AB8A18EC4AEA00EDD50D /* Build configuration list for PBXNativeTarget "ToDo" */ = {
			isa = XCConfigurationList;
			buildConfigurations = (
				91A6AB8B18EC4AEA00EDD50D /* Debug */,
				91A6AB8C18EC4AEA00EDD50D /* Release */,
			);
			defaultConfigurationIsVisible = 0;
			defaultConfigurationName = Release;
		};
		91A6AB8D18EC4AEA00EDD50D /* Build configuration list for PBXNativeTarget "ToDoTests" */ = {
			isa = XCConfigurationList;
			buildConfigurations = (
				91A6AB8E18EC4AEA00EDD50D /* Debug */,
				91A6AB8F18EC4AEA00EDD50D /* Release */,
			);
			defaultConfigurationIsVisible = 0;
			defaultConfigurationName = Release;
		};
/* End XCConfigurationList section */
	};
	rootObject = 91A6AB5618EC4AEA00EDD50D /* Project object */;
}
